<?xml version="1.0" encoding="utf-8"?>
<Project ToolsVersion="4.0" xmlns="http://schemas.microsoft.com/developer/msbuild/2003">
  <ItemGroup>
    <Filter Include="Source Files">
      <UniqueIdentifier>{4FC737F1-C7A5-4376-A066-2A32D752A2FF}</UniqueIdentifier>
      <Extensions>cpp;c;cc;cxx;def;odl;idl;hpj;bat;asm;asmx</Extensions>
    </Filter>
    <Filter Include="Header Files">
      <UniqueIdentifier>{93995380-89BD-4b04-88EB-625FBE52EBFB}</UniqueIdentifier>
      <Extensions>h;hh;hpp;hxx;hm;inl;inc;ipp;xsd</Extensions>
    </Filter>
    <Filter Include="Resource Files">
      <UniqueIdentifier>{67DA6AB6-F800-4c08-8B7A-83BB121AAD01}</UniqueIdentifier>
      <Extensions>rc;ico;cur;bmp;dlg;rc2;rct;bin;rgs;gif;jpg;jpeg;jpe;resx;tiff;tif;png;wav;mfcribbon-ms</Extensions>
    </Filter>
    <Filter Include="Source Files\external">
      <UniqueIdentifier>{df7d0ce5-6101-44a2-a1f2-a30525c9d950}</UniqueIdentifier>
    </Filter>
    <Filter Include="Source Files\external\dear_imgui">
      <UniqueIdentifier>{ba2b4254-237b-4276-8fd0-efa102222db6}</UniqueIdentifier>
    </Filter>
    <Filter Include="Source Files\shaders">
      <UniqueIdentifier>{59f1079e-7892-4fc2-8555-4b111309787a}</UniqueIdentifier>
    </Filter>
    <Filter Include="Source Files\external\tinygltf">
      <UniqueIdentifier>{d7870d32-9f27-4204-8537-4b25a540438c}</UniqueIdentifier>
    </Filter>
    <Filter Include="Source Files\external\stb">
      <UniqueIdentifier>{02522db1-a6be-475b-85c5-356b773fb6a6}</UniqueIdentifier>
    </Filter>
  </ItemGroup>
  <ItemGroup>
    <ClCompile Include="main.cpp">
      <Filter>Source Files</Filter>
    </ClCompile>
    <ClCompile Include="Window.cpp">
      <Filter>Source Files</Filter>
    </ClCompile>
    <ClCompile Include="Gui.cpp">
      <Filter>Source Files</Filter>
    </ClCompile>
    <ClCompile Include="external\dear_imgui\imgui.cpp">
      <Filter>Source Files\external\dear_imgui</Filter>
    </ClCompile>
    <ClCompile Include="external\dear_imgui\imgui_demo.cpp">
      <Filter>Source Files\external\dear_imgui</Filter>
    </ClCompile>
    <ClCompile Include="external\dear_imgui\imgui_draw.cpp">
      <Filter>Source Files\external\dear_imgui</Filter>
    </ClCompile>
    <ClCompile Include="external\dear_imgui\imgui_impl_dx12.cpp">
      <Filter>Source Files\external\dear_imgui</Filter>
    </ClCompile>
  </ItemGroup>
  <ItemGroup>
    <ClInclude Include="Window.h">
      <Filter>Header Files</Filter>
    </ClInclude>
    <ClInclude Include="Gui.h">
      <Filter>Header Files</Filter>
    </ClInclude>
    <ClInclude Include="external\dear_imgui\imconfig.h">
      <Filter>Source Files\external\dear_imgui</Filter>
    </ClInclude>
    <ClInclude Include="external\dear_imgui\imgui.h">
      <Filter>Source Files\external\dear_imgui</Filter>
    </ClInclude>
    <ClInclude Include="external\dear_imgui\imgui_impl_dx12.h">
      <Filter>Source Files\external\dear_imgui</Filter>
    </ClInclude>
    <ClInclude Include="external\dear_imgui\imgui_internal.h">
      <Filter>Source Files\external\dear_imgui</Filter>
    </ClInclude>
    <ClInclude Include="external\tiny_gltf\json.hpp">
      <Filter>Source Files\external\tinygltf</Filter>
    </ClInclude>
    <ClInclude Include="external\tiny_gltf\stb_image.h">
      <Filter>Source Files\external\tinygltf</Filter>
    </ClInclude>
    <ClInclude Include="external\tiny_gltf\stb_image_write.h">
      <Filter>Source Files\external\tinygltf</Filter>
    </ClInclude>
    <ClInclude Include="external\tiny_gltf\tiny_gltf.h">
      <Filter>Source Files\external\tinygltf</Filter>
    </ClInclude>
    <ClInclude Include="external\stb\stb_image_resize.h">
      <Filter>Source Files\external\stb</Filter>
    </ClInclude>
    <ClInclude Include="resource.h">
      <Filter>Header Files</Filter>
    </ClInclude>
  </ItemGroup>
  <ItemGroup>
    <FxCompile Include="shaders\pbs_vs.hlsl">
      <Filter>Source Files\shaders</Filter>
    </FxCompile>
    <FxCompile Include="shaders\pbs_ps.hlsl">
      <Filter>Source Files\shaders</Filter>
    </FxCompile>
    <FxCompile Include="shaders\background_ps.hlsl">
      <Filter>Source Files\shaders</Filter>
    </FxCompile>
    <FxCompile Include="shaders\full_screen_vs.hlsl">
      <Filter>Source Files\shaders</Filter>
    </FxCompile>
    <FxCompile Include="shaders\copy_ps.hlsl">
      <Filter>Source Files\shaders</Filter>
    </FxCompile>
  </ItemGroup>
</Project>